
Microsoft Visual Studio Solution File, Format Version 12.00
# Visual Studio Version 17
VisualStudioVersion = 17.1.32228.430
MinimumVisualStudioVersion = 10.0.40219.1
Project("{2150E333-8FDC-42A3-9474-1A3956D46DE8}") = "Services", "Services", "{02802EE0-006D-41FF-891B-47F53A7FA7EB}"
EndProject
Project("{2150E333-8FDC-42A3-9474-1A3956D46DE8}") = "Aircraft", "Aircraft", "{703457FC-AC7D-4B50-B1BC-18FC163CE825}"
EndProject
Project("{2150E333-8FDC-42A3-9474-1A3956D46DE8}") = "Airport", "Airport", "{990BD6A0-ADD9-4F80-8259-9389FFAD90CA}"
EndProject
Project("{2150E333-8FDC-42A3-9474-1A3956D46DE8}") = "BasePrice", "BasePrice", "{38D12A6D-9421-4784-80A9-954A3FA05959}"
EndProject
Project("{2150E333-8FDC-42A3-9474-1A3956D46DE8}") = "Flight", "Flight", "{E1C549BA-0CDA-4025-B110-CE638107984C}"
EndProject
Project("{2150E333-8FDC-42A3-9474-1A3956D46DE8}") = "Ticket", "Ticket", "{96829013-6165-4113-A643-5838B9E7010A}"
EndProject
Project("{2150E333-8FDC-42A3-9474-1A3956D46DE8}") = "Passenger", "Passenger", "{1E50FC76-1AEA-4ABB-ACE2-AB0E3375C6D9}"
EndProject
Project("{9A19103F-16F7-4668-BE54-9A1E7A4F7556}") = "Passengers.API", "Services\Passenger\Passengers.API\Passengers.API.csproj", "{053824D3-3306-4A21-AFDC-CD5A9FF25E84}"
EndProject
Project("{9A19103F-16F7-4668-BE54-9A1E7A4F7556}") = "Flights.API", "Services\Flight\Flights.API\Flights.API.csproj", "{673308A8-CA6E-437F-A247-27B7833C4EAB}"
EndProject
Project("{9A19103F-16F7-4668-BE54-9A1E7A4F7556}") = "BasePrices.API", "Services\BasePrice\BasePrices.API\BasePrices.API.csproj", "{4ADFAC91-A6EC-4717-B914-132ACA9AFEA1}"
EndProject
Project("{9A19103F-16F7-4668-BE54-9A1E7A4F7556}") = "Tickets.API", "Services\Ticket\Tickets.API\Tickets.API.csproj", "{95167618-797C-4BDC-AE10-F05499D4B4A6}"
EndProject
Project("{9A19103F-16F7-4668-BE54-9A1E7A4F7556}") = "Airports.API", "Services\Airport\Airports.API\Airports.API.csproj", "{93ADF124-4537-4AB2-93C3-A6C848BD915B}"
EndProject
Project("{9A19103F-16F7-4668-BE54-9A1E7A4F7556}") = "Aircrafts.API", "Services\Aircraft\Aircrafts.API\Aircrafts.API.csproj", "{D3B1487D-F121-46C3-900C-0F85233A293F}"
EndProject
Project("{2150E333-8FDC-42A3-9474-1A3956D46DE8}") = "ApiGateways", "ApiGateways", "{9C7B8523-734E-4A0C-9A88-FFD335C5B8F2}"
EndProject
Project("{9A19103F-16F7-4668-BE54-9A1E7A4F7556}") = "ApiGateway.Ocelot", "ApiGateways\ApiGateway.Ocelot\ApiGateway.Ocelot.csproj", "{0D5D2F25-5CB4-4B76-8602-B9AA9B334886}"
EndProject
Project("{2150E333-8FDC-42A3-9474-1A3956D46DE8}") = "BuildingBlocks", "BuildingBlocks", "{E10A9FEB-8193-458A-8E5D-2CC8E859A4DD}"
EndProject
Project("{9A19103F-16F7-4668-BE54-9A1E7A4F7556}") = "AndreAirLines.Domain", "BuildingBlocks\AndreAirLines.Domain\AndreAirLines.Domain.csproj", "{7C19D36E-7DED-4581-AD65-A616FF28FDB7}"
EndProject
Project("{9A19103F-16F7-4668-BE54-9A1E7A4F7556}") = "AirportDatasEF.API", "Services\Airport\AirportDatasEF.API\AirportDatasEF.API.csproj", "{6D30A350-4B0E-4C10-991E-5A0BDF99573E}"
EndProject
Project("{9A19103F-16F7-4668-BE54-9A1E7A4F7556}") = "AirportDatasIngestion", "Services\Airport\AirportDatasIngestion\AirportDatasIngestion.csproj", "{BAA5E2A9-5EF5-4288-B5DE-381C10CEBF53}"
EndProject
Project("{9A19103F-16F7-4668-BE54-9A1E7A4F7556}") = "AirportDatasDapper.API", "Services\Airport\AirportDatasDapper.API\AirportDatasDapper.API.csproj", "{6981F42C-B862-4B03-8E37-C9A8528AB275}"
EndProject
Project("{9A19103F-16F7-4668-BE54-9A1E7A4F7556}") = "AirportDatasPerformace", "Services\Airport\AirportDatasPerformace\AirportDatasPerformace.csproj", "{C5C06492-BBB2-4671-A167-DD2AAF8546E9}"
EndProject
Project("{2150E333-8FDC-42A3-9474-1A3956D46DE8}") = "Log", "Log", "{25F297EF-68A2-44A4-9D10-88B29ED93B7B}"
EndProject
Project("{9A19103F-16F7-4668-BE54-9A1E7A4F7556}") = "Logs.API", "Services\Log\Logs.API\Logs.API.csproj", "{E0B99D17-4D12-4054-8F17-4D991DAA3733}"
EndProject
Project("{2150E333-8FDC-42A3-9474-1A3956D46DE8}") = "Identity", "Identity", "{D7066592-6120-4B79-B66F-25AFBE14285A}"
EndProject
Project("{9A19103F-16F7-4668-BE54-9A1E7A4F7556}") = "Identity.API", "Services\Identity\Identity.API\Identity.API.csproj", "{FC4FD087-5EB3-4932-A5A1-4B0A1E18271A}"
EndProject
Project("{2150E333-8FDC-42A3-9474-1A3956D46DE8}") = "Web Apps", "Web Apps", "{B57042BF-0FCA-4224-B2C6-CE335FC1BA23}"
EndProject
Project("{FAE04EC0-301F-11D3-BF4B-00C04F79EFBC}") = "WebMVC", "WebMVC\WebMVC.csproj", "{4E1F45BA-3D5B-4B1F-AFA0-B58F6EA2D323}"
EndProject
Global
	GlobalSection(SolutionConfigurationPlatforms) = preSolution
		Debug|Any CPU = Debug|Any CPU
		Release|Any CPU = Release|Any CPU
	EndGlobalSection
	GlobalSection(ProjectConfigurationPlatforms) = postSolution
		{053824D3-3306-4A21-AFDC-CD5A9FF25E84}.Debug|Any CPU.ActiveCfg = Debug|Any CPU
		{053824D3-3306-4A21-AFDC-CD5A9FF25E84}.Debug|Any CPU.Build.0 = Debug|Any CPU
		{053824D3-3306-4A21-AFDC-CD5A9FF25E84}.Release|Any CPU.ActiveCfg = Release|Any CPU
		{053824D3-3306-4A21-AFDC-CD5A9FF25E84}.Release|Any CPU.Build.0 = Release|Any CPU
		{673308A8-CA6E-437F-A247-27B7833C4EAB}.Debug|Any CPU.ActiveCfg = Debug|Any CPU
		{673308A8-CA6E-437F-A247-27B7833C4EAB}.Debug|Any CPU.Build.0 = Debug|Any CPU
		{673308A8-CA6E-437F-A247-27B7833C4EAB}.Release|Any CPU.ActiveCfg = Release|Any CPU
		{673308A8-CA6E-437F-A247-27B7833C4EAB}.Release|Any CPU.Build.0 = Release|Any CPU
		{4ADFAC91-A6EC-4717-B914-132ACA9AFEA1}.Debug|Any CPU.ActiveCfg = Debug|Any CPU
		{4ADFAC91-A6EC-4717-B914-132ACA9AFEA1}.Debug|Any CPU.Build.0 = Debug|Any CPU
		{4ADFAC91-A6EC-4717-B914-132ACA9AFEA1}.Release|Any CPU.ActiveCfg = Release|Any CPU
		{4ADFAC91-A6EC-4717-B914-132ACA9AFEA1}.Release|Any CPU.Build.0 = Release|Any CPU
		{95167618-797C-4BDC-AE10-F05499D4B4A6}.Debug|Any CPU.ActiveCfg = Debug|Any CPU
		{95167618-797C-4BDC-AE10-F05499D4B4A6}.Debug|Any CPU.Build.0 = Debug|Any CPU
		{95167618-797C-4BDC-AE10-F05499D4B4A6}.Release|Any CPU.ActiveCfg = Release|Any CPU
		{95167618-797C-4BDC-AE10-F05499D4B4A6}.Release|Any CPU.Build.0 = Release|Any CPU
		{93ADF124-4537-4AB2-93C3-A6C848BD915B}.Debug|Any CPU.ActiveCfg = Debug|Any CPU
		{93ADF124-4537-4AB2-93C3-A6C848BD915B}.Debug|Any CPU.Build.0 = Debug|Any CPU
		{93ADF124-4537-4AB2-93C3-A6C848BD915B}.Release|Any CPU.ActiveCfg = Release|Any CPU
		{93ADF124-4537-4AB2-93C3-A6C848BD915B}.Release|Any CPU.Build.0 = Release|Any CPU
		{D3B1487D-F121-46C3-900C-0F85233A293F}.Debug|Any CPU.ActiveCfg = Debug|Any CPU
		{D3B1487D-F121-46C3-900C-0F85233A293F}.Debug|Any CPU.Build.0 = Debug|Any CPU
		{D3B1487D-F121-46C3-900C-0F85233A293F}.Release|Any CPU.ActiveCfg = Release|Any CPU
		{D3B1487D-F121-46C3-900C-0F85233A293F}.Release|Any CPU.Build.0 = Release|Any CPU
		{0D5D2F25-5CB4-4B76-8602-B9AA9B334886}.Debug|Any CPU.ActiveCfg = Debug|Any CPU
		{0D5D2F25-5CB4-4B76-8602-B9AA9B334886}.Debug|Any CPU.Build.0 = Debug|Any CPU
		{0D5D2F25-5CB4-4B76-8602-B9AA9B334886}.Release|Any CPU.ActiveCfg = Release|Any CPU
		{0D5D2F25-5CB4-4B76-8602-B9AA9B334886}.Release|Any CPU.Build.0 = Release|Any CPU
		{7C19D36E-7DED-4581-AD65-A616FF28FDB7}.Debug|Any CPU.ActiveCfg = Debug|Any CPU
		{7C19D36E-7DED-4581-AD65-A616FF28FDB7}.Debug|Any CPU.Build.0 = Debug|Any CPU
		{7C19D36E-7DED-4581-AD65-A616FF28FDB7}.Release|Any CPU.ActiveCfg = Release|Any CPU
		{7C19D36E-7DED-4581-AD65-A616FF28FDB7}.Release|Any CPU.Build.0 = Release|Any CPU
		{6D30A350-4B0E-4C10-991E-5A0BDF99573E}.Debug|Any CPU.ActiveCfg = Debug|Any CPU
		{6D30A350-4B0E-4C10-991E-5A0BDF99573E}.Debug|Any CPU.Build.0 = Debug|Any CPU
		{6D30A350-4B0E-4C10-991E-5A0BDF99573E}.Release|Any CPU.ActiveCfg = Release|Any CPU
		{6D30A350-4B0E-4C10-991E-5A0BDF99573E}.Release|Any CPU.Build.0 = Release|Any CPU
		{BAA5E2A9-5EF5-4288-B5DE-381C10CEBF53}.Debug|Any CPU.ActiveCfg = Debug|Any CPU
		{BAA5E2A9-5EF5-4288-B5DE-381C10CEBF53}.Debug|Any CPU.Build.0 = Debug|Any CPU
		{BAA5E2A9-5EF5-4288-B5DE-381C10CEBF53}.Release|Any CPU.ActiveCfg = Release|Any CPU
		{BAA5E2A9-5EF5-4288-B5DE-381C10CEBF53}.Release|Any CPU.Build.0 = Release|Any CPU
		{6981F42C-B862-4B03-8E37-C9A8528AB275}.Debug|Any CPU.ActiveCfg = Debug|Any CPU
		{6981F42C-B862-4B03-8E37-C9A8528AB275}.Debug|Any CPU.Build.0 = Debug|Any CPU
		{6981F42C-B862-4B03-8E37-C9A8528AB275}.Release|Any CPU.ActiveCfg = Release|Any CPU
		{6981F42C-B862-4B03-8E37-C9A8528AB275}.Release|Any CPU.Build.0 = Release|Any CPU
		{C5C06492-BBB2-4671-A167-DD2AAF8546E9}.Debug|Any CPU.ActiveCfg = Debug|Any CPU
		{C5C06492-BBB2-4671-A167-DD2AAF8546E9}.Debug|Any CPU.Build.0 = Debug|Any CPU
		{C5C06492-BBB2-4671-A167-DD2AAF8546E9}.Release|Any CPU.ActiveCfg = Release|Any CPU
		{C5C06492-BBB2-4671-A167-DD2AAF8546E9}.Release|Any CPU.Build.0 = Release|Any CPU
		{E0B99D17-4D12-4054-8F17-4D991DAA3733}.Debug|Any CPU.ActiveCfg = Debug|Any CPU
		{E0B99D17-4D12-4054-8F17-4D991DAA3733}.Debug|Any CPU.Build.0 = Debug|Any CPU
		{E0B99D17-4D12-4054-8F17-4D991DAA3733}.Release|Any CPU.ActiveCfg = Release|Any CPU
		{E0B99D17-4D12-4054-8F17-4D991DAA3733}.Release|Any CPU.Build.0 = Release|Any CPU
		{FC4FD087-5EB3-4932-A5A1-4B0A1E18271A}.Debug|Any CPU.ActiveCfg = Debug|Any CPU
		{FC4FD087-5EB3-4932-A5A1-4B0A1E18271A}.Debug|Any CPU.Build.0 = Debug|Any CPU
		{FC4FD087-5EB3-4932-A5A1-4B0A1E18271A}.Release|Any CPU.ActiveCfg = Release|Any CPU
		{FC4FD087-5EB3-4932-A5A1-4B0A1E18271A}.Release|Any CPU.Build.0 = Release|Any CPU
		{4E1F45BA-3D5B-4B1F-AFA0-B58F6EA2D323}.Debug|Any CPU.ActiveCfg = Debug|Any CPU
		{4E1F45BA-3D5B-4B1F-AFA0-B58F6EA2D323}.Debug|Any CPU.Build.0 = Debug|Any CPU
		{4E1F45BA-3D5B-4B1F-AFA0-B58F6EA2D323}.Release|Any CPU.ActiveCfg = Release|Any CPU
		{4E1F45BA-3D5B-4B1F-AFA0-B58F6EA2D323}.Release|Any CPU.Build.0 = Release|Any CPU
	EndGlobalSection
	GlobalSection(SolutionProperties) = preSolution
		HideSolutionNode = FALSE
	EndGlobalSection
	GlobalSection(NestedProjects) = preSolution
		{703457FC-AC7D-4B50-B1BC-18FC163CE825} = {02802EE0-006D-41FF-891B-47F53A7FA7EB}
		{990BD6A0-ADD9-4F80-8259-9389FFAD90CA} = {02802EE0-006D-41FF-891B-47F53A7FA7EB}
		{38D12A6D-9421-4784-80A9-954A3FA05959} = {02802EE0-006D-41FF-891B-47F53A7FA7EB}
		{E1C549BA-0CDA-4025-B110-CE638107984C} = {02802EE0-006D-41FF-891B-47F53A7FA7EB}
		{96829013-6165-4113-A643-5838B9E7010A} = {02802EE0-006D-41FF-891B-47F53A7FA7EB}
		{1E50FC76-1AEA-4ABB-ACE2-AB0E3375C6D9} = {02802EE0-006D-41FF-891B-47F53A7FA7EB}
		{053824D3-3306-4A21-AFDC-CD5A9FF25E84} = {1E50FC76-1AEA-4ABB-ACE2-AB0E3375C6D9}
		{673308A8-CA6E-437F-A247-27B7833C4EAB} = {E1C549BA-0CDA-4025-B110-CE638107984C}
		{4ADFAC91-A6EC-4717-B914-132ACA9AFEA1} = {38D12A6D-9421-4784-80A9-954A3FA05959}
		{95167618-797C-4BDC-AE10-F05499D4B4A6} = {96829013-6165-4113-A643-5838B9E7010A}
		{93ADF124-4537-4AB2-93C3-A6C848BD915B} = {990BD6A0-ADD9-4F80-8259-9389FFAD90CA}
		{D3B1487D-F121-46C3-900C-0F85233A293F} = {703457FC-AC7D-4B50-B1BC-18FC163CE825}
		{0D5D2F25-5CB4-4B76-8602-B9AA9B334886} = {9C7B8523-734E-4A0C-9A88-FFD335C5B8F2}
		{7C19D36E-7DED-4581-AD65-A616FF28FDB7} = {E10A9FEB-8193-458A-8E5D-2CC8E859A4DD}
		{6D30A350-4B0E-4C10-991E-5A0BDF99573E} = {990BD6A0-ADD9-4F80-8259-9389FFAD90CA}
		{BAA5E2A9-5EF5-4288-B5DE-381C10CEBF53} = {990BD6A0-ADD9-4F80-8259-9389FFAD90CA}
		{6981F42C-B862-4B03-8E37-C9A8528AB275} = {990BD6A0-ADD9-4F80-8259-9389FFAD90CA}
		{C5C06492-BBB2-4671-A167-DD2AAF8546E9} = {990BD6A0-ADD9-4F80-8259-9389FFAD90CA}
		{25F297EF-68A2-44A4-9D10-88B29ED93B7B} = {02802EE0-006D-41FF-891B-47F53A7FA7EB}
		{E0B99D17-4D12-4054-8F17-4D991DAA3733} = {25F297EF-68A2-44A4-9D10-88B29ED93B7B}
		{D7066592-6120-4B79-B66F-25AFBE14285A} = {02802EE0-006D-41FF-891B-47F53A7FA7EB}
		{FC4FD087-5EB3-4932-A5A1-4B0A1E18271A} = {D7066592-6120-4B79-B66F-25AFBE14285A}
		{4E1F45BA-3D5B-4B1F-AFA0-B58F6EA2D323} = {B57042BF-0FCA-4224-B2C6-CE335FC1BA23}
	EndGlobalSection
	GlobalSection(ExtensibilityGlobals) = postSolution
		SolutionGuid = {8699D6EA-799C-43EA-9A4C-1274F1DF515C}
	EndGlobalSection
EndGlobal
