
Microsoft Visual Studio Solution File, Format Version 12.00
# Visual Studio Version 17
VisualStudioVersion = 17.1.32228.430
MinimumVisualStudioVersion = 10.0.40219.1
Project("{2150E333-8FDC-42A3-9474-1A3956D46DE8}") = "Services", "Services", "{02802EE0-006D-41FF-891B-47F53A7FA7EB}"
EndProject
Project("{2150E333-8FDC-42A3-9474-1A3956D46DE8}") = "Aircraft", "Aircraft", "{703457FC-AC7D-4B50-B1BC-18FC163CE825}"
EndProject
Project("{2150E333-8FDC-42A3-9474-1A3956D46DE8}") = "Airport", "Airport", "{990BD6A0-ADD9-4F80-8259-9389FFAD90CA}"
EndProject
Project("{2150E333-8FDC-42A3-9474-1A3956D46DE8}") = "BasePrice", "BasePrice", "{38D12A6D-9421-4784-80A9-954A3FA05959}"
EndProject
Project("{2150E333-8FDC-42A3-9474-1A3956D46DE8}") = "Flight", "Flight", "{E1C549BA-0CDA-4025-B110-CE638107984C}"
EndProject
Project("{2150E333-8FDC-42A3-9474-1A3956D46DE8}") = "Domain", "Domain", "{FAF344D0-347A-4E73-AD60-B74C582CE85C}"
EndProject
Project("{9A19103F-16F7-4668-BE54-9A1E7A4F7556}") = "AndreAirLines.Domain", "Domain\AndreAirLines.Domain\AndreAirLines.Domain.csproj", "{A798FAA7-A344-4EC4-AD30-960523FE5629}"
EndProject
Project("{2150E333-8FDC-42A3-9474-1A3956D46DE8}") = "Ticket", "Ticket", "{96829013-6165-4113-A643-5838B9E7010A}"
EndProject
Project("{2150E333-8FDC-42A3-9474-1A3956D46DE8}") = "Passenger", "Passenger", "{1E50FC76-1AEA-4ABB-ACE2-AB0E3375C6D9}"
EndProject
Project("{FAE04EC0-301F-11D3-BF4B-00C04F79EFBC}") = "Passengers.API", "Services\Passenger\Passengers.API\Passengers.API.csproj", "{053824D3-3306-4A21-AFDC-CD5A9FF25E84}"
EndProject
Project("{FAE04EC0-301F-11D3-BF4B-00C04F79EFBC}") = "Flights.API", "Services\Flight\Flights.API\Flights.API.csproj", "{673308A8-CA6E-437F-A247-27B7833C4EAB}"
EndProject
Project("{FAE04EC0-301F-11D3-BF4B-00C04F79EFBC}") = "BasePrices.API", "Services\BasePrice\BasePrices.API\BasePrices.API.csproj", "{4ADFAC91-A6EC-4717-B914-132ACA9AFEA1}"
EndProject
Project("{FAE04EC0-301F-11D3-BF4B-00C04F79EFBC}") = "Tickets.API", "Services\Ticket\Tickets.API\Tickets.API.csproj", "{95167618-797C-4BDC-AE10-F05499D4B4A6}"
EndProject
Project("{FAE04EC0-301F-11D3-BF4B-00C04F79EFBC}") = "Airports.API", "Services\Airport\Airports.API\Airports.API.csproj", "{93ADF124-4537-4AB2-93C3-A6C848BD915B}"
EndProject
Project("{FAE04EC0-301F-11D3-BF4B-00C04F79EFBC}") = "Aircrafts.API", "Services\Aircraft\Aircrafts.API\Aircrafts.API.csproj", "{D3B1487D-F121-46C3-900C-0F85233A293F}"
EndProject
Project("{2150E333-8FDC-42A3-9474-1A3956D46DE8}") = "ApiGateways", "ApiGateways", "{9C7B8523-734E-4A0C-9A88-FFD335C5B8F2}"
EndProject
Project("{FAE04EC0-301F-11D3-BF4B-00C04F79EFBC}") = "ApiGateway.Ocelot", "ApiGateways\ApiGateway.Ocelot\ApiGateway.Ocelot.csproj", "{0D5D2F25-5CB4-4B76-8602-B9AA9B334886}"
EndProject
Global
	GlobalSection(SolutionConfigurationPlatforms) = preSolution
		Debug|Any CPU = Debug|Any CPU
		Release|Any CPU = Release|Any CPU
	EndGlobalSection
	GlobalSection(ProjectConfigurationPlatforms) = postSolution
		{A798FAA7-A344-4EC4-AD30-960523FE5629}.Debug|Any CPU.ActiveCfg = Debug|Any CPU
		{A798FAA7-A344-4EC4-AD30-960523FE5629}.Debug|Any CPU.Build.0 = Debug|Any CPU
		{A798FAA7-A344-4EC4-AD30-960523FE5629}.Release|Any CPU.ActiveCfg = Release|Any CPU
		{A798FAA7-A344-4EC4-AD30-960523FE5629}.Release|Any CPU.Build.0 = Release|Any CPU
		{053824D3-3306-4A21-AFDC-CD5A9FF25E84}.Debug|Any CPU.ActiveCfg = Debug|Any CPU
		{053824D3-3306-4A21-AFDC-CD5A9FF25E84}.Debug|Any CPU.Build.0 = Debug|Any CPU
		{053824D3-3306-4A21-AFDC-CD5A9FF25E84}.Release|Any CPU.ActiveCfg = Release|Any CPU
		{053824D3-3306-4A21-AFDC-CD5A9FF25E84}.Release|Any CPU.Build.0 = Release|Any CPU
		{673308A8-CA6E-437F-A247-27B7833C4EAB}.Debug|Any CPU.ActiveCfg = Debug|Any CPU
		{673308A8-CA6E-437F-A247-27B7833C4EAB}.Debug|Any CPU.Build.0 = Debug|Any CPU
		{673308A8-CA6E-437F-A247-27B7833C4EAB}.Release|Any CPU.ActiveCfg = Release|Any CPU
		{673308A8-CA6E-437F-A247-27B7833C4EAB}.Release|Any CPU.Build.0 = Release|Any CPU
		{4ADFAC91-A6EC-4717-B914-132ACA9AFEA1}.Debug|Any CPU.ActiveCfg = Debug|Any CPU
		{4ADFAC91-A6EC-4717-B914-132ACA9AFEA1}.Debug|Any CPU.Build.0 = Debug|Any CPU
		{4ADFAC91-A6EC-4717-B914-132ACA9AFEA1}.Release|Any CPU.ActiveCfg = Release|Any CPU
		{4ADFAC91-A6EC-4717-B914-132ACA9AFEA1}.Release|Any CPU.Build.0 = Release|Any CPU
		{95167618-797C-4BDC-AE10-F05499D4B4A6}.Debug|Any CPU.ActiveCfg = Debug|Any CPU
		{95167618-797C-4BDC-AE10-F05499D4B4A6}.Debug|Any CPU.Build.0 = Debug|Any CPU
		{95167618-797C-4BDC-AE10-F05499D4B4A6}.Release|Any CPU.ActiveCfg = Release|Any CPU
		{95167618-797C-4BDC-AE10-F05499D4B4A6}.Release|Any CPU.Build.0 = Release|Any CPU
		{93ADF124-4537-4AB2-93C3-A6C848BD915B}.Debug|Any CPU.ActiveCfg = Debug|Any CPU
		{93ADF124-4537-4AB2-93C3-A6C848BD915B}.Debug|Any CPU.Build.0 = Debug|Any CPU
		{93ADF124-4537-4AB2-93C3-A6C848BD915B}.Release|Any CPU.ActiveCfg = Release|Any CPU
		{93ADF124-4537-4AB2-93C3-A6C848BD915B}.Release|Any CPU.Build.0 = Release|Any CPU
		{D3B1487D-F121-46C3-900C-0F85233A293F}.Debug|Any CPU.ActiveCfg = Debug|Any CPU
		{D3B1487D-F121-46C3-900C-0F85233A293F}.Debug|Any CPU.Build.0 = Debug|Any CPU
		{D3B1487D-F121-46C3-900C-0F85233A293F}.Release|Any CPU.ActiveCfg = Release|Any CPU
		{D3B1487D-F121-46C3-900C-0F85233A293F}.Release|Any CPU.Build.0 = Release|Any CPU
		{0D5D2F25-5CB4-4B76-8602-B9AA9B334886}.Debug|Any CPU.ActiveCfg = Debug|Any CPU
		{0D5D2F25-5CB4-4B76-8602-B9AA9B334886}.Debug|Any CPU.Build.0 = Debug|Any CPU
		{0D5D2F25-5CB4-4B76-8602-B9AA9B334886}.Release|Any CPU.ActiveCfg = Release|Any CPU
		{0D5D2F25-5CB4-4B76-8602-B9AA9B334886}.Release|Any CPU.Build.0 = Release|Any CPU
	EndGlobalSection
	GlobalSection(SolutionProperties) = preSolution
		HideSolutionNode = FALSE
	EndGlobalSection
	GlobalSection(NestedProjects) = preSolution
		{703457FC-AC7D-4B50-B1BC-18FC163CE825} = {02802EE0-006D-41FF-891B-47F53A7FA7EB}
		{990BD6A0-ADD9-4F80-8259-9389FFAD90CA} = {02802EE0-006D-41FF-891B-47F53A7FA7EB}
		{38D12A6D-9421-4784-80A9-954A3FA05959} = {02802EE0-006D-41FF-891B-47F53A7FA7EB}
		{E1C549BA-0CDA-4025-B110-CE638107984C} = {02802EE0-006D-41FF-891B-47F53A7FA7EB}
		{A798FAA7-A344-4EC4-AD30-960523FE5629} = {FAF344D0-347A-4E73-AD60-B74C582CE85C}
		{96829013-6165-4113-A643-5838B9E7010A} = {02802EE0-006D-41FF-891B-47F53A7FA7EB}
		{1E50FC76-1AEA-4ABB-ACE2-AB0E3375C6D9} = {02802EE0-006D-41FF-891B-47F53A7FA7EB}
		{053824D3-3306-4A21-AFDC-CD5A9FF25E84} = {1E50FC76-1AEA-4ABB-ACE2-AB0E3375C6D9}
		{673308A8-CA6E-437F-A247-27B7833C4EAB} = {E1C549BA-0CDA-4025-B110-CE638107984C}
		{4ADFAC91-A6EC-4717-B914-132ACA9AFEA1} = {38D12A6D-9421-4784-80A9-954A3FA05959}
		{95167618-797C-4BDC-AE10-F05499D4B4A6} = {96829013-6165-4113-A643-5838B9E7010A}
		{93ADF124-4537-4AB2-93C3-A6C848BD915B} = {990BD6A0-ADD9-4F80-8259-9389FFAD90CA}
		{D3B1487D-F121-46C3-900C-0F85233A293F} = {703457FC-AC7D-4B50-B1BC-18FC163CE825}
		{0D5D2F25-5CB4-4B76-8602-B9AA9B334886} = {9C7B8523-734E-4A0C-9A88-FFD335C5B8F2}
	EndGlobalSection
	GlobalSection(ExtensibilityGlobals) = postSolution
		SolutionGuid = {8699D6EA-799C-43EA-9A4C-1274F1DF515C}
	EndGlobalSection
EndGlobal
